
Microsoft Visual Studio Solution File, Format Version 12.00
# Visual Studio Version 16
VisualStudioVersion = 16.0.29709.97
MinimumVisualStudioVersion = 10.0.40219.1
Project("{9A19103F-16F7-4668-BE54-9A1E7A4F7556}") = "XmlTesterPresentation", "XmlTesterPresentation.csproj", "{665E50D4-CBD2-411C-A685-4D8C47938BD5}"
EndProject
Global
	GlobalSection(SolutionConfigurationPlatforms) = preSolution
		Debug|Any CPU = Debug|Any CPU
		Release|Any CPU = Release|Any CPU
	EndGlobalSection
	GlobalSection(ProjectConfigurationPlatforms) = postSolution
		{665E50D4-CBD2-411C-A685-4D8C47938BD5}.Debug|Any CPU.ActiveCfg = Debug|Any CPU
		{665E50D4-CBD2-411C-A685-4D8C47938BD5}.Debug|Any CPU.Build.0 = Debug|Any CPU
		{665E50D4-CBD2-411C-A685-4D8C47938BD5}.Release|Any CPU.ActiveCfg = Release|Any CPU
		{665E50D4-CBD2-411C-A685-4D8C47938BD5}.Release|Any CPU.Build.0 = Release|Any CPU
	EndGlobalSection
	GlobalSection(SolutionProperties) = preSolution
		HideSolutionNode = FALSE
	EndGlobalSection
	GlobalSection(ExtensibilityGlobals) = postSolution
		SolutionGuid = {B44011FD-E5D2-4537-95B1-AE7FD48FAB51}
	EndGlobalSection
EndGlobal
